// !$*UTF8*$!
{
	archiveVersion = 1;
	classes = {
	};
	objectVersion = 50;
	objects = {

/* Begin PBXBuildFile section */
		CC4CBFE024F26E4B00256586 /* AppDelegate.swift in Sources */ = {isa = PBXBuildFile; fileRef = CC4CBFDF24F26E4B00256586 /* AppDelegate.swift */; };
		CC4CBFE224F26E4B00256586 /* SceneDelegate.swift in Sources */ = {isa = PBXBuildFile; fileRef = CC4CBFE124F26E4B00256586 /* SceneDelegate.swift */; };
		CC4CBFE424F26E4B00256586 /* ViewController.swift in Sources */ = {isa = PBXBuildFile; fileRef = CC4CBFE324F26E4B00256586 /* ViewController.swift */; };
		CC4CBFE724F26E4B00256586 /* Main.storyboard in Resources */ = {isa = PBXBuildFile; fileRef = CC4CBFE524F26E4B00256586 /* Main.storyboard */; };
		CC4CBFE924F26E4C00256586 /* Assets.xcassets in Resources */ = {isa = PBXBuildFile; fileRef = CC4CBFE824F26E4C00256586 /* Assets.xcassets */; };
		CC4CBFEC24F26E4C00256586 /* LaunchScreen.storyboard in Resources */ = {isa = PBXBuildFile; fileRef = CC4CBFEA24F26E4C00256586 /* LaunchScreen.storyboard */; };
		CC4CBFF424F26E5C00256586 /* MyViewController.swift in Sources */ = {isa = PBXBuildFile; fileRef = CC4CBFF324F26E5C00256586 /* MyViewController.swift */; };
/* End PBXBuildFile section */

/* Begin PBXFileReference section */
		CC4CBFDC24F26E4B00256586 /* Storyboards.app */ = {isa = PBXFileReference; explicitFileType = wrapper.application; includeInIndex = 0; path = Storyboards.app; sourceTree = BUILT_PRODUCTS_DIR; };
		CC4CBFDF24F26E4B00256586 /* AppDelegate.swift */ = {isa = PBXFileReference; lastKnownFileType = sourcecode.swift; path = AppDelegate.swift; sourceTree = "<group>"; };
		CC4CBFE124F26E4B00256586 /* SceneDelegate.swift */ = {isa = PBXFileReference; lastKnownFileType = sourcecode.swift; path = SceneDelegate.swift; sourceTree = "<group>"; };
		CC4CBFE324F26E4B00256586 /* ViewController.swift */ = {isa = PBXFileReference; lastKnownFileType = sourcecode.swift; path = ViewController.swift; sourceTree = "<group>"; };
		CC4CBFE624F26E4B00256586 /* Base */ = {isa = PBXFileReference; lastKnownFileType = file.storyboard; name = Base; path = Base.lproj/Main.storyboard; sourceTree = "<group>"; };
		CC4CBFE824F26E4C00256586 /* Assets.xcassets */ = {isa = PBXFileReference; lastKnownFileType = folder.assetcatalog; path = Assets.xcassets; sourceTree = "<group>"; };
		CC4CBFEB24F26E4C00256586 /* Base */ = {isa = PBXFileReference; lastKnownFileType = file.storyboard; name = Base; path = Base.lproj/LaunchScreen.storyboard; sourceTree = "<group>"; };
		CC4CBFED24F26E4C00256586 /* Info.plist */ = {isa = PBXFileReference; lastKnownFileType = text.plist.xml; path = Info.plist; sourceTree = "<group>"; };
		CC4CBFF324F26E5C00256586 /* MyViewController.swift */ = {isa = PBXFileReference; lastKnownFileType = sourcecode.swift; path = MyViewController.swift; sourceTree = "<group>"; };
/* End PBXFileReference section */

/* Begin PBXFrameworksBuildPhase section */
		CC4CBFD924F26E4B00256586 /* Frameworks */ = {
			isa = PBXFrameworksBuildPhase;
			buildActionMask = 2147483647;
			files = (
			);
			runOnlyForDeploymentPostprocessing = 0;
		};
/* End PBXFrameworksBuildPhase section */

/* Begin PBXGroup section */
		CC4CBFD324F26E4B00256586 = {
			isa = PBXGroup;
			children = (
				CC4CBFDE24F26E4B00256586 /* Storyboards */,
				CC4CBFDD24F26E4B00256586 /* Products */,
			);
			sourceTree = "<group>";
		};
		CC4CBFDD24F26E4B00256586 /* Products */ = {
			isa = PBXGroup;
			children = (
				CC4CBFDC24F26E4B00256586 /* Storyboards.app */,
			);
			name = Products;
			sourceTree = "<group>";
		};
		CC4CBFDE24F26E4B00256586 /* Storyboards */ = {
			isa = PBXGroup;
			children = (
				CC4CBFF524F26E9700256586 /* Delegates */,
				CC4CBFF824F26EBB00256586 /* Resources */,
				CC4CBFF724F26EA900256586 /* Storyboards */,
				CC4CBFF624F26E9F00256586 /* View Controllers */,
				CC4CBFF924F26EC900256586 /* Supporting Files */,
			);
			path = Storyboards;
			sourceTree = "<group>";
		};
		CC4CBFF524F26E9700256586 /* Delegates */ = {
			isa = PBXGroup;
			children = (
				CC4CBFDF24F26E4B00256586 /* AppDelegate.swift */,
				CC4CBFE124F26E4B00256586 /* SceneDelegate.swift */,
			);
			path = Delegates;
			sourceTree = "<group>";
		};
		CC4CBFF624F26E9F00256586 /* View Controllers */ = {
			isa = PBXGroup;
			children = (
				CC4CBFE324F26E4B00256586 /* ViewController.swift */,
				CC4CBFF324F26E5C00256586 /* MyViewController.swift */,
			);
			path = "View Controllers";
			sourceTree = "<group>";
		};
		CC4CBFF724F26EA900256586 /* Storyboards */ = {
			isa = PBXGroup;
			children = (
				CC4CBFE524F26E4B00256586 /* Main.storyboard */,
				CC4CBFEA24F26E4C00256586 /* LaunchScreen.storyboard */,
			);
			path = Storyboards;
			sourceTree = "<group>";
		};
		CC4CBFF824F26EBB00256586 /* Resources */ = {
			isa = PBXGroup;
			children = (
				CC4CBFE824F26E4C00256586 /* Assets.xcassets */,
			);
			path = Resources;
			sourceTree = "<group>";
		};
		CC4CBFF924F26EC900256586 /* Supporting Files */ = {
			isa = PBXGroup;
			children = (
				CC4CBFED24F26E4C00256586 /* Info.plist */,
			);
			path = "Supporting Files";
			sourceTree = "<group>";
		};
/* End PBXGroup section */

/* Begin PBXNativeTarget section */
		CC4CBFDB24F26E4B00256586 /* Storyboards */ = {
			isa = PBXNativeTarget;
			buildConfigurationList = CC4CBFF024F26E4C00256586 /* Build configuration list for PBXNativeTarget "Storyboards" */;
			buildPhases = (
				CC4CBFD824F26E4B00256586 /* Sources */,
				CC4CBFD924F26E4B00256586 /* Frameworks */,
				CC4CBFDA24F26E4B00256586 /* Resources */,
			);
			buildRules = (
			);
			dependencies = (
			);
			name = Storyboards;
			productName = Storyboards;
			productReference = CC4CBFDC24F26E4B00256586 /* Storyboards.app */;
			productType = "com.apple.product-type.application";
		};
/* End PBXNativeTarget section */

/* Begin PBXProject section */
		CC4CBFD424F26E4B00256586 /* Project object */ = {
			isa = PBXProject;
			attributes = {
				LastSwiftUpdateCheck = 1160;
				LastUpgradeCheck = 1160;
				ORGANIZATIONNAME = Cocoacasts;
				TargetAttributes = {
					CC4CBFDB24F26E4B00256586 = {
						CreatedOnToolsVersion = 11.6;
					};
				};
			};
			buildConfigurationList = CC4CBFD724F26E4B00256586 /* Build configuration list for PBXProject "Storyboards" */;
			compatibilityVersion = "Xcode 9.3";
			developmentRegion = en;
			hasScannedForEncodings = 0;
			knownRegions = (
				en,
				Base,
			);
			mainGroup = CC4CBFD324F26E4B00256586;
			productRefGroup = CC4CBFDD24F26E4B00256586 /* Products */;
			projectDirPath = "";
			projectRoot = "";
			targets = (
				CC4CBFDB24F26E4B00256586 /* Storyboards */,
			);
		};
/* End PBXProject section */

/* Begin PBXResourcesBuildPhase section */
		CC4CBFDA24F26E4B00256586 /* Resources */ = {
			isa = PBXResourcesBuildPhase;
			buildActionMask = 2147483647;
			files = (
				CC4CBFEC24F26E4C00256586 /* LaunchScreen.storyboard in Resources */,
				CC4CBFE924F26E4C00256586 /* Assets.xcassets in Resources */,
				CC4CBFE724F26E4B00256586 /* Main.storyboard in Resources */,
			);
			runOnlyForDeploymentPostprocessing = 0;
		};
/* End PBXResourcesBuildPhase section */

/* Begin PBXSourcesBuildPhase section */
		CC4CBFD824F26E4B00256586 /* Sources */ = {
			isa = PBXSourcesBuildPhase;
			buildActionMask = 2147483647;
			files = (
				CC4CBFE424F26E4B00256586 /* ViewController.swift in Sources */,
				CC4CBFE024F26E4B00256586 /* AppDelegate.swift in Sources */,
				CC4CBFF424F26E5C00256586 /* MyViewController.swift in Sources */,
				CC4CBFE224F26E4B00256586 /* SceneDelegate.swift in Sources */,
			);
			runOnlyForDeploymentPostprocessing = 0;
		};
/* End PBXSourcesBuildPhase section */

/* Begin PBXVariantGroup section */
		CC4CBFE524F26E4B00256586 /* Main.storyboard */ = {
			isa = PBXVariantGroup;
			children = (
				CC4CBFE624F26E4B00256586 /* Base */,
			);
			name = Main.storyboard;
			sourceTree = "<group>";
		};
		CC4CBFEA24F26E4C00256586 /* LaunchScreen.storyboard */ = {
			isa = PBXVariantGroup;
			children = (
				CC4CBFEB24F26E4C00256586 /* Base */,
			);
			name = LaunchScreen.storyboard;
			sourceTree = "<group>";
		};
/* End PBXVariantGroup section */

/* Begin XCBuildConfiguration section */
		CC4CBFEE24F26E4C00256586 /* Debug */ = {
			isa = XCBuildConfiguration;
			buildSettings = {
				ALWAYS_SEARCH_USER_PATHS = NO;
				CLANG_ANALYZER_NONNULL = YES;
				CLANG_ANALYZER_NUMBER_OBJECT_CONVERSION = YES_AGGRESSIVE;
				CLANG_CXX_LANGUAGE_STANDARD = "gnu++14";
				CLANG_CXX_LIBRARY = "libc++";
				CLANG_ENABLE_MODULES = YES;
				CLANG_ENABLE_OBJC_ARC = YES;
				CLANG_ENABLE_OBJC_WEAK = YES;
				CLANG_WARN_BLOCK_CAPTURE_AUTORELEASING = YES;
				CLANG_WARN_BOOL_CONVERSION = YES;
				CLANG_WARN_COMMA = YES;
				CLANG_WARN_CONSTANT_CONVERSION = YES;
				CLANG_WARN_DEPRECATED_OBJC_IMPLEMENTATIONS = YES;
				CLANG_WARN_DIRECT_OBJC_ISA_USAGE = YES_ERROR;
				CLANG_WARN_DOCUMENTATION_COMMENTS = YES;
				CLANG_WARN_EMPTY_BODY = YES;
				CLANG_WARN_ENUM_CONVERSION = YES;
				CLANG_WARN_INFINITE_RECURSION = YES;
				CLANG_WARN_INT_CONVERSION = YES;
				CLANG_WARN_NON_LITERAL_NULL_CONVERSION = YES;
				CLANG_WARN_OBJC_IMPLICIT_RETAIN_SELF = YES;
				CLANG_WARN_OBJC_LITERAL_CONVERSION = YES;
				CLANG_WARN_OBJC_ROOT_CLASS = YES_ERROR;
				CLANG_WARN_RANGE_LOOP_ANALYSIS = YES;
				CLANG_WARN_STRICT_PROTOTYPES = YES;
				CLANG_WARN_SUSPICIOUS_MOVE = YES;
				CLANG_WARN_UNGUARDED_AVAILABILITY = YES_AGGRESSIVE;
				CLANG_WARN_UNREACHABLE_CODE = YES;
				CLANG_WARN__DUPLICATE_METHOD_MATCH = YES;
				COPY_PHASE_STRIP = NO;
				DEBUG_INFORMATION_FORMAT = dwarf;
				ENABLE_STRICT_OBJC_MSGSEND = YES;
				ENABLE_TESTABILITY = YES;
				GCC_C_LANGUAGE_STANDARD = gnu11;
				GCC_DYNAMIC_NO_PIC = NO;
				GCC_NO_COMMON_BLOCKS = YES;
				GCC_OPTIMIZATION_LEVEL = 0;
				GCC_PREPROCESSOR_DEFINITIONS = (
					"DEBUG=1",
					"$(inherited)",
				);
				GCC_WARN_64_TO_32_BIT_CONVERSION = YES;
				GCC_WARN_ABOUT_RETURN_TYPE = YES_ERROR;
				GCC_WARN_UNDECLARED_SELECTOR = YES;
				GCC_WARN_UNINITIALIZED_AUTOS = YES_AGGRESSIVE;
				GCC_WARN_UNUSED_FUNCTION = YES;
				GCC_WARN_UNUSED_VARIABLE = YES;
				IPHONEOS_DEPLOYMENT_TARGET = 13.6;
				MTL_ENABLE_DEBUG_INFO = INCLUDE_SOURCE;
				MTL_FAST_MATH = YES;
				ONLY_ACTIVE_ARCH = YES;
				SDKROOT = iphoneos;
				SWIFT_ACTIVE_COMPILATION_CONDITIONS = DEBUG;
				SWIFT_OPTIMIZATION_LEVEL = "-Onone";
			};
			name = Debug;
		};
		CC4CBFEF24F26E4C00256586 /* Release */ = {
			isa = XCBuildConfiguration;
			buildSettings = {
				ALWAYS_SEARCH_USER_PATHS = NO;
				CLANG_ANALYZER_NONNULL = YES;
				CLANG_ANALYZER_NUMBER_OBJECT_CONVERSION = YES_AGGRESSIVE;
				CLANG_CXX_LANGUAGE_STANDARD = "gnu++14";
				CLANG_CXX_LIBRARY = "libc++";
				CLANG_ENABLE_MODULES = YES;
				CLANG_ENABLE_OBJC_ARC = YES;
				CLANG_ENABLE_OBJC_WEAK = YES;
				CLANG_WARN_BLOCK_CAPTURE_AUTORELEASING = YES;
				CLANG_WARN_BOOL_CONVERSION = YES;
				CLANG_WARN_COMMA = YES;
				CLANG_WARN_CONSTANT_CONVERSION = YES;
				CLANG_WARN_DEPRECATED_OBJC_IMPLEMENTATIONS = YES;
				CLANG_WARN_DIRECT_OBJC_ISA_USAGE = YES_ERROR;
				CLANG_WARN_DOCUMENTATION_COMMENTS = YES;
				CLANG_WARN_EMPTY_BODY = YES;
				CLANG_WARN_ENUM_CONVERSION = YES;
				CLANG_WARN_INFINITE_RECURSION = YES;
				CLANG_WARN_INT_CONVERSION = YES;
				CLANG_WARN_NON_LITERAL_NULL_CONVERSION = YES;
				CLANG_WARN_OBJC_IMPLICIT_RETAIN_SELF = YES;
				CLANG_WARN_OBJC_LITERAL_CONVERSION = YES;
				CLANG_WARN_OBJC_ROOT_CLASS = YES_ERROR;
				CLANG_WARN_RANGE_LOOP_ANALYSIS = YES;
				CLANG_WARN_STRICT_PROTOTYPES = YES;
				CLANG_WARN_SUSPICIOUS_MOVE = YES;
				CLANG_WARN_UNGUARDED_AVAILABILITY = YES_AGGRESSIVE;
				CLANG_WARN_UNREACHABLE_CODE = YES;
				CLANG_WARN__DUPLICATE_METHOD_MATCH = YES;
				COPY_PHASE_STRIP = NO;
				DEBUG_INFORMATION_FORMAT = "dwarf-with-dsym";
				ENABLE_NS_ASSERTIONS = NO;
				ENABLE_STRICT_OBJC_MSGSEND = YES;
				GCC_C_LANGUAGE_STANDARD = gnu11;
				GCC_NO_COMMON_BLOCKS = YES;
				GCC_WARN_64_TO_32_BIT_CONVERSION = YES;
				GCC_WARN_ABOUT_RETURN_TYPE = YES_ERROR;
				GCC_WARN_UNDECLARED_SELECTOR = YES;
				GCC_WARN_UNINITIALIZED_AUTOS = YES_AGGRESSIVE;
				GCC_WARN_UNUSED_FUNCTION = YES;
				GCC_WARN_UNUSED_VARIABLE = YES;
				IPHONEOS_DEPLOYMENT_TARGET = 13.6;
				MTL_ENABLE_DEBUG_INFO = NO;
				MTL_FAST_MATH = YES;
				SDKROOT = iphoneos;
				SWIFT_COMPILATION_MODE = wholemodule;
				SWIFT_OPTIMIZATION_LEVEL = "-O";
				VALIDATE_PRODUCT = YES;
			};
			name = Release;
		};
		CC4CBFF124F26E4C00256586 /* Debug */ = {
			isa = XCBuildConfiguration;
			buildSettings = {
				ASSETCATALOG_COMPILER_APPICON_NAME = AppIcon;
				CODE_SIGN_STYLE = Automatic;
				DEVELOPMENT_TEAM = 2493UGBPKJ;
				INFOPLIST_FILE = "Storyboards/Supporting Files/Info.plist";
				LD_RUNPATH_SEARCH_PATHS = (
					"$(inherited)",
					"@executable_path/Frameworks",
				);
				PRODUCT_BUNDLE_IDENTIFIER = com.cocoacasts.Storyboards;
				PRODUCT_NAME = "$(TARGET_NAME)";
				SWIFT_VERSION = 5.0;
				TARGETED_DEVICE_FAMILY = "1,2";
			};
			name = Debug;
		};
		CC4CBFF224F26E4C00256586 /* Release */ = {
			isa = XCBuildConfiguration;
			buildSettings = {
				ASSETCATALOG_COMPILER_APPICON_NAME = AppIcon;
				CODE_SIGN_STYLE = Automatic;
				DEVELOPMENT_TEAM = 2493UGBPKJ;
				INFOPLIST_FILE = "Storyboards/Supporting Files/Info.plist";
				LD_RUNPATH_SEARCH_PATHS = (
					"$(inherited)",
					"@executable_path/Frameworks",
				);
				PRODUCT_BUNDLE_IDENTIFIER = com.cocoacasts.Storyboards;
				PRODUCT_NAME = "$(TARGET_NAME)";
				SWIFT_VERSION = 5.0;
				TARGETED_DEVICE_FAMILY = "1,2";
			};
			name = Release;
		};
/* End XCBuildConfiguration section */

/* Begin XCConfigurationList section */
		CC4CBFD724F26E4B00256586 /* Build configuration list for PBXProject "Storyboards" */ = {
			isa = XCConfigurationList;
			buildConfigurations = (
				CC4CBFEE24F26E4C00256586 /* Debug */,
				CC4CBFEF24F26E4C00256586 /* Release */,
			);
			defaultConfigurationIsVisible = 0;
			defaultConfigurationName = Release;
		};
		CC4CBFF024F26E4C00256586 /* Build configuration list for PBXNativeTarget "Storyboards" */ = {
			isa = XCConfigurationList;
			buildConfigurations = (
				CC4CBFF124F26E4C00256586 /* Debug */,
				CC4CBFF224F26E4C00256586 /* Release */,
			);
			defaultConfigurationIsVisible = 0;
			defaultConfigurationName = Release;
		};
/* End XCConfigurationList section */
	};
	rootObject = CC4CBFD424F26E4B00256586 /* Project object */;
}
